
Microsoft Visual Studio Solution File, Format Version 12.00
# Visual Studio 2012
Project("{FAE04EC0-301F-11D3-BF4B-00C04F79EFBC}") = "JuegoBriscas", "JuegoBriscas\JuegoBriscas.csproj", "{D8CE137B-F4D1-4F84-AA33-35BDD19EED1D}"
EndProject
Global
	GlobalSection(SolutionConfigurationPlatforms) = preSolution
		Debug|x86 = Debug|x86
		Release|x86 = Release|x86
	EndGlobalSection
	GlobalSection(ProjectConfigurationPlatforms) = postSolution
		{D8CE137B-F4D1-4F84-AA33-35BDD19EED1D}.Debug|x86.ActiveCfg = Debug|x86
		{D8CE137B-F4D1-4F84-AA33-35BDD19EED1D}.Debug|x86.Build.0 = Debug|x86
		{D8CE137B-F4D1-4F84-AA33-35BDD19EED1D}.Release|x86.ActiveCfg = Release|x86
		{D8CE137B-F4D1-4F84-AA33-35BDD19EED1D}.Release|x86.Build.0 = Release|x86
	EndGlobalSection
EndGlobal
